
Microsoft Visual Studio Solution File, Format Version 12.00
# Visual Studio Version 16
VisualStudioVersion = 16.0.30114.105
MinimumVisualStudioVersion = 10.0.40219.1
Project("{FAE04EC0-301F-11D3-BF4B-00C04F79EFBC}") = "bootcamp.TDD.Demo.Test", "bootcamp.TDD.Demo.Test\bootcamp.TDD.Demo.Test.csproj", "{1C930AAF-D152-489B-95AB-4A9C50F079A4}"
EndProject
Project("{FAE04EC0-301F-11D3-BF4B-00C04F79EFBC}") = "bootcamp.TDD.Demo.Core", "bootcamp.TDD.Demo.Core\bootcamp.TDD.Demo.Core.csproj", "{63ADB63F-DF42-44C5-BDC7-2570CFBA42BF}"
EndProject
Project("{FAE04EC0-301F-11D3-BF4B-00C04F79EFBC}") = "bootcamp.TDD.Demo.API", "bootcamp.TDD.Demo.API\bootcamp.TDD.Demo.API.csproj", "{242A994D-0150-45EB-8051-554CBEA576D8}"
EndProject
Global
	GlobalSection(SolutionConfigurationPlatforms) = preSolution
		Debug|Any CPU = Debug|Any CPU
		Release|Any CPU = Release|Any CPU
	EndGlobalSection
	GlobalSection(ProjectConfigurationPlatforms) = postSolution
		{1C930AAF-D152-489B-95AB-4A9C50F079A4}.Debug|Any CPU.ActiveCfg = Debug|Any CPU
		{1C930AAF-D152-489B-95AB-4A9C50F079A4}.Debug|Any CPU.Build.0 = Debug|Any CPU
		{1C930AAF-D152-489B-95AB-4A9C50F079A4}.Release|Any CPU.ActiveCfg = Release|Any CPU
		{1C930AAF-D152-489B-95AB-4A9C50F079A4}.Release|Any CPU.Build.0 = Release|Any CPU
		{63ADB63F-DF42-44C5-BDC7-2570CFBA42BF}.Debug|Any CPU.ActiveCfg = Debug|Any CPU
		{63ADB63F-DF42-44C5-BDC7-2570CFBA42BF}.Debug|Any CPU.Build.0 = Debug|Any CPU
		{63ADB63F-DF42-44C5-BDC7-2570CFBA42BF}.Release|Any CPU.ActiveCfg = Release|Any CPU
		{63ADB63F-DF42-44C5-BDC7-2570CFBA42BF}.Release|Any CPU.Build.0 = Release|Any CPU
		{242A994D-0150-45EB-8051-554CBEA576D8}.Debug|Any CPU.ActiveCfg = Debug|Any CPU
		{242A994D-0150-45EB-8051-554CBEA576D8}.Debug|Any CPU.Build.0 = Debug|Any CPU
		{242A994D-0150-45EB-8051-554CBEA576D8}.Release|Any CPU.ActiveCfg = Release|Any CPU
		{242A994D-0150-45EB-8051-554CBEA576D8}.Release|Any CPU.Build.0 = Release|Any CPU
	EndGlobalSection
	GlobalSection(SolutionProperties) = preSolution
		HideSolutionNode = FALSE
	EndGlobalSection
	GlobalSection(ExtensibilityGlobals) = postSolution
		SolutionGuid = {99CBFE2E-6725-43EF-83F8-DF19AFEBCF06}
	EndGlobalSection
EndGlobal
